
Microsoft Visual Studio Solution File, Format Version 12.00
# Visual Studio Version 16
Project("{8BC9CEB8-8B4A-11D0-8D11-00A0C91BC942}") = "GLFW", "SympleEngine\vender\GLFW\GLFW.vcxproj", "{154B857C-0182-860D-AA6E-6C109684020F}"
EndProject
Project("{8BC9CEB8-8B4A-11D0-8D11-00A0C91BC942}") = "SympleEngine", "SympleEngine\SympleEngine.vcxproj", "{557CC1A2-41DF-5047-EA64-89FDD6A61CCA}"
EndProject
Project("{8BC9CEB8-8B4A-11D0-8D11-00A0C91BC942}") = "SympleExample", "SympleExample\SympleExample.vcxproj", "{8B45DA11-F705-5648-C040-9FC52CC09A24}"
EndProject
Global
	GlobalSection(SolutionConfigurationPlatforms) = preSolution
		Debug|x64 = Debug|x64
		Production|x64 = Production|x64
		Release|x64 = Release|x64
	EndGlobalSection
	GlobalSection(ProjectConfigurationPlatforms) = postSolution
		{154B857C-0182-860D-AA6E-6C109684020F}.Debug|x64.ActiveCfg = Debug|x64
		{154B857C-0182-860D-AA6E-6C109684020F}.Debug|x64.Build.0 = Debug|x64
		{154B857C-0182-860D-AA6E-6C109684020F}.Production|x64.ActiveCfg = Production|x64
		{154B857C-0182-860D-AA6E-6C109684020F}.Production|x64.Build.0 = Production|x64
		{154B857C-0182-860D-AA6E-6C109684020F}.Release|x64.ActiveCfg = Release|x64
		{154B857C-0182-860D-AA6E-6C109684020F}.Release|x64.Build.0 = Release|x64
		{557CC1A2-41DF-5047-EA64-89FDD6A61CCA}.Debug|x64.ActiveCfg = Debug|x64
		{557CC1A2-41DF-5047-EA64-89FDD6A61CCA}.Debug|x64.Build.0 = Debug|x64
		{557CC1A2-41DF-5047-EA64-89FDD6A61CCA}.Production|x64.ActiveCfg = Production|x64
		{557CC1A2-41DF-5047-EA64-89FDD6A61CCA}.Production|x64.Build.0 = Production|x64
		{557CC1A2-41DF-5047-EA64-89FDD6A61CCA}.Release|x64.ActiveCfg = Release|x64
		{557CC1A2-41DF-5047-EA64-89FDD6A61CCA}.Release|x64.Build.0 = Release|x64
		{8B45DA11-F705-5648-C040-9FC52CC09A24}.Debug|x64.ActiveCfg = Debug|x64
		{8B45DA11-F705-5648-C040-9FC52CC09A24}.Debug|x64.Build.0 = Debug|x64
		{8B45DA11-F705-5648-C040-9FC52CC09A24}.Production|x64.ActiveCfg = Production|x64
		{8B45DA11-F705-5648-C040-9FC52CC09A24}.Production|x64.Build.0 = Production|x64
		{8B45DA11-F705-5648-C040-9FC52CC09A24}.Release|x64.ActiveCfg = Release|x64
		{8B45DA11-F705-5648-C040-9FC52CC09A24}.Release|x64.Build.0 = Release|x64
	EndGlobalSection
	GlobalSection(SolutionProperties) = preSolution
		HideSolutionNode = FALSE
	EndGlobalSection
EndGlobal
